
Microsoft Visual Studio Solution File, Format Version 12.00
# Visual Studio Version 16
VisualStudioVersion = 16.0.30709.132
MinimumVisualStudioVersion = 10.0.40219.1
Project("{FAE04EC0-301F-11D3-BF4B-00C04F79EFBC}") = "Spotifunk", "Spotifunk\Spotifunk.csproj", "{C63C0E93-96B2-43C2-A630-85E5B556F6B3}"
EndProject
Global
	GlobalSection(SolutionConfigurationPlatforms) = preSolution
		Debug|Any CPU = Debug|Any CPU
		Release|Any CPU = Release|Any CPU
	EndGlobalSection
	GlobalSection(ProjectConfigurationPlatforms) = postSolution
		{C63C0E93-96B2-43C2-A630-85E5B556F6B3}.Debug|Any CPU.ActiveCfg = Debug|Any CPU
		{C63C0E93-96B2-43C2-A630-85E5B556F6B3}.Debug|Any CPU.Build.0 = Debug|Any CPU
		{C63C0E93-96B2-43C2-A630-85E5B556F6B3}.Release|Any CPU.ActiveCfg = Release|Any CPU
		{C63C0E93-96B2-43C2-A630-85E5B556F6B3}.Release|Any CPU.Build.0 = Release|Any CPU
	EndGlobalSection
	GlobalSection(SolutionProperties) = preSolution
		HideSolutionNode = FALSE
	EndGlobalSection
	GlobalSection(ExtensibilityGlobals) = postSolution
		SolutionGuid = {D1D941F7-B5D7-4A12-8F17-3E48B253DB8B}
	EndGlobalSection
EndGlobal
